
Microsoft Visual Studio Solution File, Format Version 12.00
# Visual Studio Version 17
VisualStudioVersion = 17.14.36518.9 d17.14
MinimumVisualStudioVersion = 10.0.40219.1
Project("{FAE04EC0-301F-11D3-BF4B-00C04F79EFBC}") = "BlazorAzureApp", "BlazorAzureApp\BlazorAzureApp\BlazorAzureApp.csproj", "{94D9BD51-D188-40ED-A6B8-7C017A8ADB55}"
EndProject
Project("{FAE04EC0-301F-11D3-BF4B-00C04F79EFBC}") = "BlazorAzureApp.Client", "BlazorAzureApp\BlazorAzureApp.Client\BlazorAzureApp.Client.csproj", "{C785EA5B-4ADF-4DFC-956B-60BB732C0C25}"
EndProject
Global
	GlobalSection(SolutionConfigurationPlatforms) = preSolution
		Debug|Any CPU = Debug|Any CPU
		Release|Any CPU = Release|Any CPU
	EndGlobalSection
	GlobalSection(ProjectConfigurationPlatforms) = postSolution
		{94D9BD51-D188-40ED-A6B8-7C017A8ADB55}.Debug|Any CPU.ActiveCfg = Debug|Any CPU
		{94D9BD51-D188-40ED-A6B8-7C017A8ADB55}.Debug|Any CPU.Build.0 = Debug|Any CPU
		{94D9BD51-D188-40ED-A6B8-7C017A8ADB55}.Release|Any CPU.ActiveCfg = Release|Any CPU
		{94D9BD51-D188-40ED-A6B8-7C017A8ADB55}.Release|Any CPU.Build.0 = Release|Any CPU
		{C785EA5B-4ADF-4DFC-956B-60BB732C0C25}.Debug|Any CPU.ActiveCfg = Debug|Any CPU
		{C785EA5B-4ADF-4DFC-956B-60BB732C0C25}.Debug|Any CPU.Build.0 = Debug|Any CPU
		{C785EA5B-4ADF-4DFC-956B-60BB732C0C25}.Release|Any CPU.ActiveCfg = Release|Any CPU
		{C785EA5B-4ADF-4DFC-956B-60BB732C0C25}.Release|Any CPU.Build.0 = Release|Any CPU
	EndGlobalSection
	GlobalSection(SolutionProperties) = preSolution
		HideSolutionNode = FALSE
	EndGlobalSection
	GlobalSection(ExtensibilityGlobals) = postSolution
		SolutionGuid = {3F6BDE4F-D9CD-4039-BB1F-E5745DCFD27D}
	EndGlobalSection
EndGlobal
